
Microsoft Visual Studio Solution File, Format Version 12.00
# Visual Studio Version 17
VisualStudioVersion = 17.3.32901.215
MinimumVisualStudioVersion = 10.0.40219.1
Project("{FAE04EC0-301F-11D3-BF4B-00C04F79EFBC}") = "UserMaintenance", "UserMaintenance\UserMaintenance.csproj", "{FA1F549B-4F82-4BF2-BF1A-BEC9AF6703CD}"
EndProject
Project("{FAE04EC0-301F-11D3-BF4B-00C04F79EFBC}") = "5.50", "5.50\5.50.csproj", "{609D56BA-2144-4497-BB19-395A1CE7D16F}"
EndProject
Global
	GlobalSection(SolutionConfigurationPlatforms) = preSolution
		Debug|Any CPU = Debug|Any CPU
		Release|Any CPU = Release|Any CPU
	EndGlobalSection
	GlobalSection(ProjectConfigurationPlatforms) = postSolution
		{FA1F549B-4F82-4BF2-BF1A-BEC9AF6703CD}.Debug|Any CPU.ActiveCfg = Debug|Any CPU
		{FA1F549B-4F82-4BF2-BF1A-BEC9AF6703CD}.Debug|Any CPU.Build.0 = Debug|Any CPU
		{FA1F549B-4F82-4BF2-BF1A-BEC9AF6703CD}.Release|Any CPU.ActiveCfg = Release|Any CPU
		{FA1F549B-4F82-4BF2-BF1A-BEC9AF6703CD}.Release|Any CPU.Build.0 = Release|Any CPU
		{609D56BA-2144-4497-BB19-395A1CE7D16F}.Debug|Any CPU.ActiveCfg = Debug|Any CPU
		{609D56BA-2144-4497-BB19-395A1CE7D16F}.Debug|Any CPU.Build.0 = Debug|Any CPU
		{609D56BA-2144-4497-BB19-395A1CE7D16F}.Release|Any CPU.ActiveCfg = Release|Any CPU
		{609D56BA-2144-4497-BB19-395A1CE7D16F}.Release|Any CPU.Build.0 = Release|Any CPU
	EndGlobalSection
	GlobalSection(SolutionProperties) = preSolution
		HideSolutionNode = FALSE
	EndGlobalSection
	GlobalSection(ExtensibilityGlobals) = postSolution
		SolutionGuid = {B6B5E686-C122-4983-9B96-A5E55AC1BDF0}
	EndGlobalSection
EndGlobal
